
Microsoft Visual Studio Solution File, Format Version 12.00
# Visual Studio Version 16
VisualStudioVersion = 16.0.30225.117
MinimumVisualStudioVersion = 10.0.40219.1
Project("{FAE04EC0-301F-11D3-BF4B-00C04F79EFBC}") = "MvcCrudwithCoreWebApp", "MvcCrudwithCoreWebApp\MvcCrudwithCoreWebApp.csproj", "{280F13BD-EDEB-404F-B51E-E4960B329A6A}"
EndProject
Global
	GlobalSection(SolutionConfigurationPlatforms) = preSolution
		Debug|Any CPU = Debug|Any CPU
		Release|Any CPU = Release|Any CPU
	EndGlobalSection
	GlobalSection(ProjectConfigurationPlatforms) = postSolution
		{280F13BD-EDEB-404F-B51E-E4960B329A6A}.Debug|Any CPU.ActiveCfg = Debug|Any CPU
		{280F13BD-EDEB-404F-B51E-E4960B329A6A}.Debug|Any CPU.Build.0 = Debug|Any CPU
		{280F13BD-EDEB-404F-B51E-E4960B329A6A}.Release|Any CPU.ActiveCfg = Release|Any CPU
		{280F13BD-EDEB-404F-B51E-E4960B329A6A}.Release|Any CPU.Build.0 = Release|Any CPU
	EndGlobalSection
	GlobalSection(SolutionProperties) = preSolution
		HideSolutionNode = FALSE
	EndGlobalSection
	GlobalSection(ExtensibilityGlobals) = postSolution
		SolutionGuid = {EEA35EDF-310B-4F9D-BA61-410F589C1862}
	EndGlobalSection
EndGlobal
